github.com/benbjohnson/clock v1.3.0 h1:ip6w0uFQkncKQ979AypyG0ER7mqUSBdKLOgAle/AT8A=
github.com/davecgh/go-spew v1.1.1 h1:vj9j/u1bqnvCEfJOwUhtlOARqs3+rkHYY13jYWTU97c=
github.com/davecgh/go-spew v1.1.1/go.mod h1:J7Y8YcW2NihsgmVo/mv3lAwl/skON4iLHjSsI+c5H38=
github.com/google/go-cmp v0.5.9 h1:O2Tfq5qg4qc4AmwVlvv0oLiVAGB7enBSJ2x2DqQFi38=
github.com/pmezard/go-difflib v1.0.0 h1:4DBwDE0NGyQoBHbLQYPwSUPoCMWR5BEzIk/f1lZbAQM=
github.com/pmezard/go-difflib v1.0.0/go.mod h1:iKH77koFhYxTK1pcRnkKkqfTogsbg7gZNVY4sRDYZ/4=
github.com/roadrunner-server/errors v1.2.0 h1:qBmNXt8Iex9QnYTjCkbJKsBZu2EtYkQCM06GUDcQBbI=
github.com/roadrunner-server/errors v1.2.0/go.mod h1:z0ECxZp/dDa5RahtMcy4mBIavVxiZ9vwE5kByl7kFtY=
github.com/roadrunner-server/errors v1.3.0 h1:kLVXpXne0jMReN7pj8KIhyYyjqKjsPC5DRGqMsd4/Fo=
github.com/roadrunner-server/errors v1.3.0/go.mod h1:XYVuhXvxi3yQaP/zCLB6QRZ0JvQIRaBa0SKFHL4WLKg=
github.com/roadrunner-server/sdk/v4 v4.3.1 h1:DwmyzcKbprXz6JLnyR4fbOmgSC0qr528xC4uSwxRVSY=
github.com/roadrunner-server/sdk/v4 v4.3.1/go.mod h1:YiYFMLx2zVcDjy52P8i/c++VJIY/qaUSdboN0PiPGok=
github.com/roadrunner-server/sdk/v4 v4.3.2 h1:/7ADKRiFQNXDWmkiSKVLs7ngvmitwOGFWiqxOWAfFpM=
github.com/roadrunner-server/sdk/v4 v4.3.2/go.mod h1:UkiAk5IdmUzkXncfy671OoH6i/zWpWc+JY3IU/AnQuc=
github.com/roadrunner-server/tcplisten v1.3.0 h1:VDd6IbP8oIjm5vKvMVozeZgeHgOcoP0XYLOyOqcZHCY=
github.com/roadrunner-server/tcplisten v1.3.0/go.mod h1:VR6Ob5am0oEuLMOeLiVvQxG9ShykAEgrlvZddX8EfoU=
github.com/roadrunner-server/tcplisten v1.4.0 h1:yWo09zktv/CSV6VywLfw4pwNcUchgTiIrW4uIICtO5M=
github.com/roadrunner-server/tcplisten v1.4.0/go.mod h1:A6+VSnW2ETGnN/e/CMdP63ZXqQDaC0UDMU6QmyuB0yM=
github.com/stretchr/testify v1.8.4 h1:CcVxjf3Q8PM0mHUKJCdn+eZZtm5yQwehR5yeSVQQcUk=
github.com/stretchr/testify v1.8.4/go.mod h1:sz/lmYIOXD/1dqDmKjjqLyZ2RngseejIcXlSw2iwfAo=
go.opentelemetry.io/otel v1.16.0 h1:Z7GVAX/UkAXPKsy94IU+i6thsQS4nb7LviLpnaNeW8s=
go.opentelemetry.io/otel v1.16.0/go.mod h1:vl0h9NUa1D5s1nv3A5vZOYWn8av4K8Ml6JDeHrT/bx4=
go.opentelemetry.io/otel/trace v1.16.0 h1:8JRpaObFoW0pxuVPapkgH8UhHQj+bJW8jJsCZEu5MQs=
go.opentelemetry.io/otel/trace v1.16.0/go.mod h1:Yt9vYq1SdNz3xdjZZK7wcXv1qv2pwLkqr2QVwea0ef0=
go.uber.org/goleak v1.2.0 h1:xqgm/S+aQvhWFTtR0XK3Jvg7z8kGV8P4X14IzwN3Eqk=
go.uber.org/multierr v1.11.0 h1:blXXJkSxSSfBVBlC76pxqeO+LN3aDfLQo+309xJstO0=
go.uber.org/multierr v1.11.0/go.mod h1:20+QtiLqy0Nd6FdQB9TLXag12DsQkrbs3htMFfDN80Y=
go.uber.org/zap v1.25.0 h1:4Hvk6GtkucQ790dqmj7l1eEnRdKm3k3ZUrUMS2d5+5c=
go.uber.org/zap v1.25.0/go.mod h1:JIAUzQIH94IC4fOJQm7gMmBJP5k7wQfdcnYdPoEXJYk=
gopkg.in/check.v1 v0.0.0-20161208181325-20d25e280405 h1:yhCVgyC4o1eVCa2tZl7eS0r+SDo693bJlVdllGtEeKM=
gopkg.in/check.v1 v0.0.0-20161208181325-20d25e280405/go.mod h1:Co6ibVJAznAaIkqp8huTwlJQCZ016jof/cbN4VW5Yz0=
gopkg.in/yaml.v3 v3.0.1 h1:fxVm/GzAzEWqLHuvctI91KS9hhNmmWOoWu0XTYJS7CA=
gopkg.in/yaml.v3 v3.0.1/go.mod h1:K4uyk7z7BCEPqu6E+C64Yfv1cQ7kz7rIZviUmN+EgEM=
